
Microsoft Visual Studio Solution File, Format Version 12.00
# Visual Studio 14
VisualStudioVersion = 14.0.25123.0
MinimumVisualStudioVersion = 10.0.40219.1
Project("{FAE04EC0-301F-11D3-BF4B-00C04F79EFBC}") = "SecApp.Droid", "SecApp\SecApp.Droid\SecApp.Droid.csproj", "{FA43AED2-BEBE-4D8E-9CC7-BDBBFEB68BDC}"
EndProject
Project("{FAE04EC0-301F-11D3-BF4B-00C04F79EFBC}") = "SecApp.iOS", "SecApp\SecApp.iOS\SecApp.iOS.csproj", "{247AA327-BE11-4C44-A1DC-F227C5E33DD1}"
EndProject
Project("{FAE04EC0-301F-11D3-BF4B-00C04F79EFBC}") = "SecApp.WinPhone", "SecApp\SecApp.WinPhone\SecApp.WinPhone.csproj", "{DC8A16A6-9895-49EB-A6E1-A36A774FA542}"
EndProject
Project("{FAE04EC0-301F-11D3-BF4B-00C04F79EFBC}") = "SecApp", "SecApp\SecApp\SecApp.csproj", "{F054C68E-D664-40C4-8CB1-5E71784B6A76}"
EndProject
Project("{FAE04EC0-301F-11D3-BF4B-00C04F79EFBC}") = "MiBandSDK", "MiBandSDK\MiBandSDK.csproj", "{F33D7118-E6F7-48D1-BFC5-887469B0C8C6}"
EndProject
Global
	GlobalSection(SolutionConfigurationPlatforms) = preSolution
		AppStore|Any CPU = AppStore|Any CPU
		AppStore|ARM = AppStore|ARM
		AppStore|iPhone = AppStore|iPhone
		AppStore|iPhoneSimulator = AppStore|iPhoneSimulator
		AppStore|x86 = AppStore|x86
		Debug|Any CPU = Debug|Any CPU
		Debug|ARM = Debug|ARM
		Debug|iPhone = Debug|iPhone
		Debug|iPhoneSimulator = Debug|iPhoneSimulator
		Debug|x86 = Debug|x86
		Release|Any CPU = Release|Any CPU
		Release|ARM = Release|ARM
		Release|iPhone = Release|iPhone
		Release|iPhoneSimulator = Release|iPhoneSimulator
		Release|x86 = Release|x86
	EndGlobalSection
	GlobalSection(ProjectConfigurationPlatforms) = postSolution
		{FA43AED2-BEBE-4D8E-9CC7-BDBBFEB68BDC}.AppStore|Any CPU.ActiveCfg = Release|Any CPU
		{FA43AED2-BEBE-4D8E-9CC7-BDBBFEB68BDC}.AppStore|Any CPU.Build.0 = Release|Any CPU
		{FA43AED2-BEBE-4D8E-9CC7-BDBBFEB68BDC}.AppStore|Any CPU.Deploy.0 = Release|Any CPU
		{FA43AED2-BEBE-4D8E-9CC7-BDBBFEB68BDC}.AppStore|ARM.ActiveCfg = Release|Any CPU
		{FA43AED2-BEBE-4D8E-9CC7-BDBBFEB68BDC}.AppStore|ARM.Build.0 = Release|Any CPU
		{FA43AED2-BEBE-4D8E-9CC7-BDBBFEB68BDC}.AppStore|ARM.Deploy.0 = Release|Any CPU
		{FA43AED2-BEBE-4D8E-9CC7-BDBBFEB68BDC}.AppStore|iPhone.ActiveCfg = Release|Any CPU
		{FA43AED2-BEBE-4D8E-9CC7-BDBBFEB68BDC}.AppStore|iPhone.Build.0 = Release|Any CPU
		{FA43AED2-BEBE-4D8E-9CC7-BDBBFEB68BDC}.AppStore|iPhone.Deploy.0 = Release|Any CPU
		{FA43AED2-BEBE-4D8E-9CC7-BDBBFEB68BDC}.AppStore|iPhoneSimulator.ActiveCfg = Release|Any CPU
		{FA43AED2-BEBE-4D8E-9CC7-BDBBFEB68BDC}.AppStore|iPhoneSimulator.Build.0 = Release|Any CPU
		{FA43AED2-BEBE-4D8E-9CC7-BDBBFEB68BDC}.AppStore|iPhoneSimulator.Deploy.0 = Release|Any CPU
		{FA43AED2-BEBE-4D8E-9CC7-BDBBFEB68BDC}.AppStore|x86.ActiveCfg = Release|Any CPU
		{FA43AED2-BEBE-4D8E-9CC7-BDBBFEB68BDC}.AppStore|x86.Build.0 = Release|Any CPU
		{FA43AED2-BEBE-4D8E-9CC7-BDBBFEB68BDC}.AppStore|x86.Deploy.0 = Release|Any CPU
		{FA43AED2-BEBE-4D8E-9CC7-BDBBFEB68BDC}.Debug|Any CPU.ActiveCfg = Debug|Any CPU
		{FA43AED2-BEBE-4D8E-9CC7-BDBBFEB68BDC}.Debug|Any CPU.Build.0 = Debug|Any CPU
		{FA43AED2-BEBE-4D8E-9CC7-BDBBFEB68BDC}.Debug|Any CPU.Deploy.0 = Debug|Any CPU
		{FA43AED2-BEBE-4D8E-9CC7-BDBBFEB68BDC}.Debug|ARM.ActiveCfg = Debug|Any CPU
		{FA43AED2-BEBE-4D8E-9CC7-BDBBFEB68BDC}.Debug|ARM.Build.0 = Debug|Any CPU
		{FA43AED2-BEBE-4D8E-9CC7-BDBBFEB68BDC}.Debug|ARM.Deploy.0 = Debug|Any CPU
		{FA43AED2-BEBE-4D8E-9CC7-BDBBFEB68BDC}.Debug|iPhone.ActiveCfg = Debug|Any CPU
		{FA43AED2-BEBE-4D8E-9CC7-BDBBFEB68BDC}.Debug|iPhone.Build.0 = Debug|Any CPU
		{FA43AED2-BEBE-4D8E-9CC7-BDBBFEB68BDC}.Debug|iPhone.Deploy.0 = Debug|Any CPU
		{FA43AED2-BEBE-4D8E-9CC7-BDBBFEB68BDC}.Debug|iPhoneSimulator.ActiveCfg = Debug|Any CPU
		{FA43AED2-BEBE-4D8E-9CC7-BDBBFEB68BDC}.Debug|iPhoneSimulator.Build.0 = Debug|Any CPU
		{FA43AED2-BEBE-4D8E-9CC7-BDBBFEB68BDC}.Debug|iPhoneSimulator.Deploy.0 = Debug|Any CPU
		{FA43AED2-BEBE-4D8E-9CC7-BDBBFEB68BDC}.Debug|x86.ActiveCfg = Debug|Any CPU
		{FA43AED2-BEBE-4D8E-9CC7-BDBBFEB68BDC}.Debug|x86.Build.0 = Debug|Any CPU
		{FA43AED2-BEBE-4D8E-9CC7-BDBBFEB68BDC}.Debug|x86.Deploy.0 = Debug|Any CPU
		{FA43AED2-BEBE-4D8E-9CC7-BDBBFEB68BDC}.Release|Any CPU.ActiveCfg = Release|Any CPU
		{FA43AED2-BEBE-4D8E-9CC7-BDBBFEB68BDC}.Release|Any CPU.Build.0 = Release|Any CPU
		{FA43AED2-BEBE-4D8E-9CC7-BDBBFEB68BDC}.Release|Any CPU.Deploy.0 = Release|Any CPU
		{FA43AED2-BEBE-4D8E-9CC7-BDBBFEB68BDC}.Release|ARM.ActiveCfg = Release|Any CPU
		{FA43AED2-BEBE-4D8E-9CC7-BDBBFEB68BDC}.Release|ARM.Build.0 = Release|Any CPU
		{FA43AED2-BEBE-4D8E-9CC7-BDBBFEB68BDC}.Release|ARM.Deploy.0 = Release|Any CPU
		{FA43AED2-BEBE-4D8E-9CC7-BDBBFEB68BDC}.Release|iPhone.ActiveCfg = Release|Any CPU
		{FA43AED2-BEBE-4D8E-9CC7-BDBBFEB68BDC}.Release|iPhone.Build.0 = Release|Any CPU
		{FA43AED2-BEBE-4D8E-9CC7-BDBBFEB68BDC}.Release|iPhone.Deploy.0 = Release|Any CPU
		{FA43AED2-BEBE-4D8E-9CC7-BDBBFEB68BDC}.Release|iPhoneSimulator.ActiveCfg = Release|Any CPU
		{FA43AED2-BEBE-4D8E-9CC7-BDBBFEB68BDC}.Release|iPhoneSimulator.Build.0 = Release|Any CPU
		{FA43AED2-BEBE-4D8E-9CC7-BDBBFEB68BDC}.Release|iPhoneSimulator.Deploy.0 = Release|Any CPU
		{FA43AED2-BEBE-4D8E-9CC7-BDBBFEB68BDC}.Release|x86.ActiveCfg = Release|Any CPU
		{FA43AED2-BEBE-4D8E-9CC7-BDBBFEB68BDC}.Release|x86.Build.0 = Release|Any CPU
		{FA43AED2-BEBE-4D8E-9CC7-BDBBFEB68BDC}.Release|x86.Deploy.0 = Release|Any CPU
		{247AA327-BE11-4C44-A1DC-F227C5E33DD1}.AppStore|Any CPU.ActiveCfg = AppStore|iPhone
		{247AA327-BE11-4C44-A1DC-F227C5E33DD1}.AppStore|ARM.ActiveCfg = AppStore|iPhone
		{247AA327-BE11-4C44-A1DC-F227C5E33DD1}.AppStore|iPhone.ActiveCfg = AppStore|iPhone
		{247AA327-BE11-4C44-A1DC-F227C5E33DD1}.AppStore|iPhone.Build.0 = AppStore|iPhone
		{247AA327-BE11-4C44-A1DC-F227C5E33DD1}.AppStore|iPhoneSimulator.ActiveCfg = AppStore|iPhoneSimulator
		{247AA327-BE11-4C44-A1DC-F227C5E33DD1}.AppStore|iPhoneSimulator.Build.0 = AppStore|iPhoneSimulator
		{247AA327-BE11-4C44-A1DC-F227C5E33DD1}.AppStore|x86.ActiveCfg = AppStore|iPhone
		{247AA327-BE11-4C44-A1DC-F227C5E33DD1}.Debug|Any CPU.ActiveCfg = Debug|iPhone
		{247AA327-BE11-4C44-A1DC-F227C5E33DD1}.Debug|ARM.ActiveCfg = Debug|iPhone
		{247AA327-BE11-4C44-A1DC-F227C5E33DD1}.Debug|iPhone.ActiveCfg = Debug|iPhone
		{247AA327-BE11-4C44-A1DC-F227C5E33DD1}.Debug|iPhone.Build.0 = Debug|iPhone
		{247AA327-BE11-4C44-A1DC-F227C5E33DD1}.Debug|iPhoneSimulator.ActiveCfg = Debug|iPhoneSimulator
		{247AA327-BE11-4C44-A1DC-F227C5E33DD1}.Debug|iPhoneSimulator.Build.0 = Debug|iPhoneSimulator
		{247AA327-BE11-4C44-A1DC-F227C5E33DD1}.Debug|x86.ActiveCfg = Debug|iPhone
		{247AA327-BE11-4C44-A1DC-F227C5E33DD1}.Release|Any CPU.ActiveCfg = Release|iPhone
		{247AA327-BE11-4C44-A1DC-F227C5E33DD1}.Release|ARM.ActiveCfg = Release|iPhone
		{247AA327-BE11-4C44-A1DC-F227C5E33DD1}.Release|iPhone.ActiveCfg = Release|iPhone
		{247AA327-BE11-4C44-A1DC-F227C5E33DD1}.Release|iPhone.Build.0 = Release|iPhone
		{247AA327-BE11-4C44-A1DC-F227C5E33DD1}.Release|iPhoneSimulator.ActiveCfg = Release|iPhoneSimulator
		{247AA327-BE11-4C44-A1DC-F227C5E33DD1}.Release|iPhoneSimulator.Build.0 = Release|iPhoneSimulator
		{247AA327-BE11-4C44-A1DC-F227C5E33DD1}.Release|x86.ActiveCfg = Release|iPhone
		{DC8A16A6-9895-49EB-A6E1-A36A774FA542}.AppStore|Any CPU.ActiveCfg = Release|Any CPU
		{DC8A16A6-9895-49EB-A6E1-A36A774FA542}.AppStore|Any CPU.Build.0 = Release|Any CPU
		{DC8A16A6-9895-49EB-A6E1-A36A774FA542}.AppStore|Any CPU.Deploy.0 = Release|Any CPU
		{DC8A16A6-9895-49EB-A6E1-A36A774FA542}.AppStore|ARM.ActiveCfg = Release|ARM
		{DC8A16A6-9895-49EB-A6E1-A36A774FA542}.AppStore|ARM.Build.0 = Release|ARM
		{DC8A16A6-9895-49EB-A6E1-A36A774FA542}.AppStore|ARM.Deploy.0 = Release|ARM
		{DC8A16A6-9895-49EB-A6E1-A36A774FA542}.AppStore|iPhone.ActiveCfg = Release|Any CPU
		{DC8A16A6-9895-49EB-A6E1-A36A774FA542}.AppStore|iPhone.Build.0 = Release|Any CPU
		{DC8A16A6-9895-49EB-A6E1-A36A774FA542}.AppStore|iPhone.Deploy.0 = Release|Any CPU
		{DC8A16A6-9895-49EB-A6E1-A36A774FA542}.AppStore|iPhoneSimulator.ActiveCfg = Release|Any CPU
		{DC8A16A6-9895-49EB-A6E1-A36A774FA542}.AppStore|iPhoneSimulator.Build.0 = Release|Any CPU
		{DC8A16A6-9895-49EB-A6E1-A36A774FA542}.AppStore|iPhoneSimulator.Deploy.0 = Release|Any CPU
		{DC8A16A6-9895-49EB-A6E1-A36A774FA542}.AppStore|x86.ActiveCfg = Release|x86
		{DC8A16A6-9895-49EB-A6E1-A36A774FA542}.AppStore|x86.Build.0 = Release|x86
		{DC8A16A6-9895-49EB-A6E1-A36A774FA542}.AppStore|x86.Deploy.0 = Release|x86
		{DC8A16A6-9895-49EB-A6E1-A36A774FA542}.Debug|Any CPU.ActiveCfg = Debug|Any CPU
		{DC8A16A6-9895-49EB-A6E1-A36A774FA542}.Debug|Any CPU.Build.0 = Debug|Any CPU
		{DC8A16A6-9895-49EB-A6E1-A36A774FA542}.Debug|Any CPU.Deploy.0 = Debug|Any CPU
		{DC8A16A6-9895-49EB-A6E1-A36A774FA542}.Debug|ARM.ActiveCfg = Debug|ARM
		{DC8A16A6-9895-49EB-A6E1-A36A774FA542}.Debug|ARM.Build.0 = Debug|ARM
		{DC8A16A6-9895-49EB-A6E1-A36A774FA542}.Debug|ARM.Deploy.0 = Debug|ARM
		{DC8A16A6-9895-49EB-A6E1-A36A774FA542}.Debug|iPhone.ActiveCfg = Debug|Any CPU
		{DC8A16A6-9895-49EB-A6E1-A36A774FA542}.Debug|iPhone.Build.0 = Debug|Any CPU
		{DC8A16A6-9895-49EB-A6E1-A36A774FA542}.Debug|iPhone.Deploy.0 = Debug|Any CPU
		{DC8A16A6-9895-49EB-A6E1-A36A774FA542}.Debug|iPhoneSimulator.ActiveCfg = Debug|Any CPU
		{DC8A16A6-9895-49EB-A6E1-A36A774FA542}.Debug|iPhoneSimulator.Build.0 = Debug|Any CPU
		{DC8A16A6-9895-49EB-A6E1-A36A774FA542}.Debug|iPhoneSimulator.Deploy.0 = Debug|Any CPU
		{DC8A16A6-9895-49EB-A6E1-A36A774FA542}.Debug|x86.ActiveCfg = Debug|x86
		{DC8A16A6-9895-49EB-A6E1-A36A774FA542}.Debug|x86.Build.0 = Debug|x86
		{DC8A16A6-9895-49EB-A6E1-A36A774FA542}.Debug|x86.Deploy.0 = Debug|x86
		{DC8A16A6-9895-49EB-A6E1-A36A774FA542}.Release|Any CPU.ActiveCfg = Release|Any CPU
		{DC8A16A6-9895-49EB-A6E1-A36A774FA542}.Release|Any CPU.Build.0 = Release|Any CPU
		{DC8A16A6-9895-49EB-A6E1-A36A774FA542}.Release|Any CPU.Deploy.0 = Release|Any CPU
		{DC8A16A6-9895-49EB-A6E1-A36A774FA542}.Release|ARM.ActiveCfg = Release|ARM
		{DC8A16A6-9895-49EB-A6E1-A36A774FA542}.Release|ARM.Build.0 = Release|ARM
		{DC8A16A6-9895-49EB-A6E1-A36A774FA542}.Release|ARM.Deploy.0 = Release|ARM
		{DC8A16A6-9895-49EB-A6E1-A36A774FA542}.Release|iPhone.ActiveCfg = Release|Any CPU
		{DC8A16A6-9895-49EB-A6E1-A36A774FA542}.Release|iPhone.Build.0 = Release|Any CPU
		{DC8A16A6-9895-49EB-A6E1-A36A774FA542}.Release|iPhone.Deploy.0 = Release|Any CPU
		{DC8A16A6-9895-49EB-A6E1-A36A774FA542}.Release|iPhoneSimulator.ActiveCfg = Release|Any CPU
		{DC8A16A6-9895-49EB-A6E1-A36A774FA542}.Release|iPhoneSimulator.Build.0 = Release|Any CPU
		{DC8A16A6-9895-49EB-A6E1-A36A774FA542}.Release|iPhoneSimulator.Deploy.0 = Release|Any CPU
		{DC8A16A6-9895-49EB-A6E1-A36A774FA542}.Release|x86.ActiveCfg = Release|x86
		{DC8A16A6-9895-49EB-A6E1-A36A774FA542}.Release|x86.Build.0 = Release|x86
		{DC8A16A6-9895-49EB-A6E1-A36A774FA542}.Release|x86.Deploy.0 = Release|x86
		{F054C68E-D664-40C4-8CB1-5E71784B6A76}.AppStore|Any CPU.ActiveCfg = Release|Any CPU
		{F054C68E-D664-40C4-8CB1-5E71784B6A76}.AppStore|Any CPU.Build.0 = Release|Any CPU
		{F054C68E-D664-40C4-8CB1-5E71784B6A76}.AppStore|ARM.ActiveCfg = Release|Any CPU
		{F054C68E-D664-40C4-8CB1-5E71784B6A76}.AppStore|ARM.Build.0 = Release|Any CPU
		{F054C68E-D664-40C4-8CB1-5E71784B6A76}.AppStore|iPhone.ActiveCfg = Release|Any CPU
		{F054C68E-D664-40C4-8CB1-5E71784B6A76}.AppStore|iPhone.Build.0 = Release|Any CPU
		{F054C68E-D664-40C4-8CB1-5E71784B6A76}.AppStore|iPhoneSimulator.ActiveCfg = Release|Any CPU
		{F054C68E-D664-40C4-8CB1-5E71784B6A76}.AppStore|iPhoneSimulator.Build.0 = Release|Any CPU
		{F054C68E-D664-40C4-8CB1-5E71784B6A76}.AppStore|x86.ActiveCfg = Release|Any CPU
		{F054C68E-D664-40C4-8CB1-5E71784B6A76}.AppStore|x86.Build.0 = Release|Any CPU
		{F054C68E-D664-40C4-8CB1-5E71784B6A76}.Debug|Any CPU.ActiveCfg = Debug|Any CPU
		{F054C68E-D664-40C4-8CB1-5E71784B6A76}.Debug|Any CPU.Build.0 = Debug|Any CPU
		{F054C68E-D664-40C4-8CB1-5E71784B6A76}.Debug|ARM.ActiveCfg = Debug|Any CPU
		{F054C68E-D664-40C4-8CB1-5E71784B6A76}.Debug|ARM.Build.0 = Debug|Any CPU
		{F054C68E-D664-40C4-8CB1-5E71784B6A76}.Debug|iPhone.ActiveCfg = Debug|Any CPU
		{F054C68E-D664-40C4-8CB1-5E71784B6A76}.Debug|iPhone.Build.0 = Debug|Any CPU
		{F054C68E-D664-40C4-8CB1-5E71784B6A76}.Debug|iPhoneSimulator.ActiveCfg = Debug|Any CPU
		{F054C68E-D664-40C4-8CB1-5E71784B6A76}.Debug|iPhoneSimulator.Build.0 = Debug|Any CPU
		{F054C68E-D664-40C4-8CB1-5E71784B6A76}.Debug|x86.ActiveCfg = Debug|Any CPU
		{F054C68E-D664-40C4-8CB1-5E71784B6A76}.Debug|x86.Build.0 = Debug|Any CPU
		{F054C68E-D664-40C4-8CB1-5E71784B6A76}.Release|Any CPU.ActiveCfg = Release|Any CPU
		{F054C68E-D664-40C4-8CB1-5E71784B6A76}.Release|Any CPU.Build.0 = Release|Any CPU
		{F054C68E-D664-40C4-8CB1-5E71784B6A76}.Release|ARM.ActiveCfg = Release|Any CPU
		{F054C68E-D664-40C4-8CB1-5E71784B6A76}.Release|ARM.Build.0 = Release|Any CPU
		{F054C68E-D664-40C4-8CB1-5E71784B6A76}.Release|iPhone.ActiveCfg = Release|Any CPU
		{F054C68E-D664-40C4-8CB1-5E71784B6A76}.Release|iPhone.Build.0 = Release|Any CPU
		{F054C68E-D664-40C4-8CB1-5E71784B6A76}.Release|iPhoneSimulator.ActiveCfg = Release|Any CPU
		{F054C68E-D664-40C4-8CB1-5E71784B6A76}.Release|iPhoneSimulator.Build.0 = Release|Any CPU
		{F054C68E-D664-40C4-8CB1-5E71784B6A76}.Release|x86.ActiveCfg = Release|Any CPU
		{F054C68E-D664-40C4-8CB1-5E71784B6A76}.Release|x86.Build.0 = Release|Any CPU
		{F33D7118-E6F7-48D1-BFC5-887469B0C8C6}.AppStore|Any CPU.ActiveCfg = Release|Any CPU
		{F33D7118-E6F7-48D1-BFC5-887469B0C8C6}.AppStore|Any CPU.Build.0 = Release|Any CPU
		{F33D7118-E6F7-48D1-BFC5-887469B0C8C6}.AppStore|ARM.ActiveCfg = Release|Any CPU
		{F33D7118-E6F7-48D1-BFC5-887469B0C8C6}.AppStore|ARM.Build.0 = Release|Any CPU
		{F33D7118-E6F7-48D1-BFC5-887469B0C8C6}.AppStore|iPhone.ActiveCfg = Release|Any CPU
		{F33D7118-E6F7-48D1-BFC5-887469B0C8C6}.AppStore|iPhone.Build.0 = Release|Any CPU
		{F33D7118-E6F7-48D1-BFC5-887469B0C8C6}.AppStore|iPhoneSimulator.ActiveCfg = Release|Any CPU
		{F33D7118-E6F7-48D1-BFC5-887469B0C8C6}.AppStore|iPhoneSimulator.Build.0 = Release|Any CPU
		{F33D7118-E6F7-48D1-BFC5-887469B0C8C6}.AppStore|x86.ActiveCfg = Release|Any CPU
		{F33D7118-E6F7-48D1-BFC5-887469B0C8C6}.AppStore|x86.Build.0 = Release|Any CPU
		{F33D7118-E6F7-48D1-BFC5-887469B0C8C6}.Debug|Any CPU.ActiveCfg = Debug|Any CPU
		{F33D7118-E6F7-48D1-BFC5-887469B0C8C6}.Debug|Any CPU.Build.0 = Debug|Any CPU
		{F33D7118-E6F7-48D1-BFC5-887469B0C8C6}.Debug|ARM.ActiveCfg = Debug|Any CPU
		{F33D7118-E6F7-48D1-BFC5-887469B0C8C6}.Debug|ARM.Build.0 = Debug|Any CPU
		{F33D7118-E6F7-48D1-BFC5-887469B0C8C6}.Debug|iPhone.ActiveCfg = Debug|Any CPU
		{F33D7118-E6F7-48D1-BFC5-887469B0C8C6}.Debug|iPhone.Build.0 = Debug|Any CPU
		{F33D7118-E6F7-48D1-BFC5-887469B0C8C6}.Debug|iPhoneSimulator.ActiveCfg = Debug|Any CPU
		{F33D7118-E6F7-48D1-BFC5-887469B0C8C6}.Debug|iPhoneSimulator.Build.0 = Debug|Any CPU
		{F33D7118-E6F7-48D1-BFC5-887469B0C8C6}.Debug|x86.ActiveCfg = Debug|Any CPU
		{F33D7118-E6F7-48D1-BFC5-887469B0C8C6}.Debug|x86.Build.0 = Debug|Any CPU
		{F33D7118-E6F7-48D1-BFC5-887469B0C8C6}.Release|Any CPU.ActiveCfg = Release|Any CPU
		{F33D7118-E6F7-48D1-BFC5-887469B0C8C6}.Release|Any CPU.Build.0 = Release|Any CPU
		{F33D7118-E6F7-48D1-BFC5-887469B0C8C6}.Release|ARM.ActiveCfg = Release|Any CPU
		{F33D7118-E6F7-48D1-BFC5-887469B0C8C6}.Release|ARM.Build.0 = Release|Any CPU
		{F33D7118-E6F7-48D1-BFC5-887469B0C8C6}.Release|iPhone.ActiveCfg = Release|Any CPU
		{F33D7118-E6F7-48D1-BFC5-887469B0C8C6}.Release|iPhone.Build.0 = Release|Any CPU
		{F33D7118-E6F7-48D1-BFC5-887469B0C8C6}.Release|iPhoneSimulator.ActiveCfg = Release|Any CPU
		{F33D7118-E6F7-48D1-BFC5-887469B0C8C6}.Release|iPhoneSimulator.Build.0 = Release|Any CPU
		{F33D7118-E6F7-48D1-BFC5-887469B0C8C6}.Release|x86.ActiveCfg = Release|Any CPU
		{F33D7118-E6F7-48D1-BFC5-887469B0C8C6}.Release|x86.Build.0 = Release|Any CPU
	EndGlobalSection
	GlobalSection(SolutionProperties) = preSolution
		HideSolutionNode = FALSE
	EndGlobalSection
EndGlobal
