
Microsoft Visual Studio Solution File, Format Version 12.00
# Visual Studio 14
VisualStudioVersion = 14.0.25123.0
MinimumVisualStudioVersion = 10.0.40219.1
Project("{FAE04EC0-301F-11D3-BF4B-00C04F79EFBC}") = "ThirdApp.Droid", "ThirdApp\ThirdApp.Droid\ThirdApp.Droid.csproj", "{337A8309-B159-405B-9A1A-C21061A77510}"
EndProject
Project("{FAE04EC0-301F-11D3-BF4B-00C04F79EFBC}") = "ThirdApp", "ThirdApp\ThirdApp\ThirdApp.csproj", "{A0FBB8C6-7086-459E-AF31-461992C2A5B8}"
EndProject
Global
	GlobalSection(SolutionConfigurationPlatforms) = preSolution
		AppStore|Any CPU = AppStore|Any CPU
		AppStore|ARM = AppStore|ARM
		AppStore|iPhone = AppStore|iPhone
		AppStore|iPhoneSimulator = AppStore|iPhoneSimulator
		AppStore|x86 = AppStore|x86
		Debug|Any CPU = Debug|Any CPU
		Debug|ARM = Debug|ARM
		Debug|iPhone = Debug|iPhone
		Debug|iPhoneSimulator = Debug|iPhoneSimulator
		Debug|x86 = Debug|x86
		Release|Any CPU = Release|Any CPU
		Release|ARM = Release|ARM
		Release|iPhone = Release|iPhone
		Release|iPhoneSimulator = Release|iPhoneSimulator
		Release|x86 = Release|x86
	EndGlobalSection
	GlobalSection(ProjectConfigurationPlatforms) = postSolution
		{337A8309-B159-405B-9A1A-C21061A77510}.AppStore|Any CPU.ActiveCfg = Release|Any CPU
		{337A8309-B159-405B-9A1A-C21061A77510}.AppStore|Any CPU.Build.0 = Release|Any CPU
		{337A8309-B159-405B-9A1A-C21061A77510}.AppStore|Any CPU.Deploy.0 = Release|Any CPU
		{337A8309-B159-405B-9A1A-C21061A77510}.AppStore|ARM.ActiveCfg = Release|Any CPU
		{337A8309-B159-405B-9A1A-C21061A77510}.AppStore|ARM.Build.0 = Release|Any CPU
		{337A8309-B159-405B-9A1A-C21061A77510}.AppStore|ARM.Deploy.0 = Release|Any CPU
		{337A8309-B159-405B-9A1A-C21061A77510}.AppStore|iPhone.ActiveCfg = Release|Any CPU
		{337A8309-B159-405B-9A1A-C21061A77510}.AppStore|iPhone.Build.0 = Release|Any CPU
		{337A8309-B159-405B-9A1A-C21061A77510}.AppStore|iPhone.Deploy.0 = Release|Any CPU
		{337A8309-B159-405B-9A1A-C21061A77510}.AppStore|iPhoneSimulator.ActiveCfg = Release|Any CPU
		{337A8309-B159-405B-9A1A-C21061A77510}.AppStore|iPhoneSimulator.Build.0 = Release|Any CPU
		{337A8309-B159-405B-9A1A-C21061A77510}.AppStore|iPhoneSimulator.Deploy.0 = Release|Any CPU
		{337A8309-B159-405B-9A1A-C21061A77510}.AppStore|x86.ActiveCfg = Release|Any CPU
		{337A8309-B159-405B-9A1A-C21061A77510}.AppStore|x86.Build.0 = Release|Any CPU
		{337A8309-B159-405B-9A1A-C21061A77510}.AppStore|x86.Deploy.0 = Release|Any CPU
		{337A8309-B159-405B-9A1A-C21061A77510}.Debug|Any CPU.ActiveCfg = Debug|Any CPU
		{337A8309-B159-405B-9A1A-C21061A77510}.Debug|Any CPU.Build.0 = Debug|Any CPU
		{337A8309-B159-405B-9A1A-C21061A77510}.Debug|Any CPU.Deploy.0 = Debug|Any CPU
		{337A8309-B159-405B-9A1A-C21061A77510}.Debug|ARM.ActiveCfg = Debug|Any CPU
		{337A8309-B159-405B-9A1A-C21061A77510}.Debug|ARM.Build.0 = Debug|Any CPU
		{337A8309-B159-405B-9A1A-C21061A77510}.Debug|ARM.Deploy.0 = Debug|Any CPU
		{337A8309-B159-405B-9A1A-C21061A77510}.Debug|iPhone.ActiveCfg = Debug|Any CPU
		{337A8309-B159-405B-9A1A-C21061A77510}.Debug|iPhone.Build.0 = Debug|Any CPU
		{337A8309-B159-405B-9A1A-C21061A77510}.Debug|iPhone.Deploy.0 = Debug|Any CPU
		{337A8309-B159-405B-9A1A-C21061A77510}.Debug|iPhoneSimulator.ActiveCfg = Debug|Any CPU
		{337A8309-B159-405B-9A1A-C21061A77510}.Debug|iPhoneSimulator.Build.0 = Debug|Any CPU
		{337A8309-B159-405B-9A1A-C21061A77510}.Debug|iPhoneSimulator.Deploy.0 = Debug|Any CPU
		{337A8309-B159-405B-9A1A-C21061A77510}.Debug|x86.ActiveCfg = Debug|Any CPU
		{337A8309-B159-405B-9A1A-C21061A77510}.Debug|x86.Build.0 = Debug|Any CPU
		{337A8309-B159-405B-9A1A-C21061A77510}.Debug|x86.Deploy.0 = Debug|Any CPU
		{337A8309-B159-405B-9A1A-C21061A77510}.Release|Any CPU.ActiveCfg = Release|Any CPU
		{337A8309-B159-405B-9A1A-C21061A77510}.Release|Any CPU.Build.0 = Release|Any CPU
		{337A8309-B159-405B-9A1A-C21061A77510}.Release|Any CPU.Deploy.0 = Release|Any CPU
		{337A8309-B159-405B-9A1A-C21061A77510}.Release|ARM.ActiveCfg = Release|Any CPU
		{337A8309-B159-405B-9A1A-C21061A77510}.Release|ARM.Build.0 = Release|Any CPU
		{337A8309-B159-405B-9A1A-C21061A77510}.Release|ARM.Deploy.0 = Release|Any CPU
		{337A8309-B159-405B-9A1A-C21061A77510}.Release|iPhone.ActiveCfg = Release|Any CPU
		{337A8309-B159-405B-9A1A-C21061A77510}.Release|iPhone.Build.0 = Release|Any CPU
		{337A8309-B159-405B-9A1A-C21061A77510}.Release|iPhone.Deploy.0 = Release|Any CPU
		{337A8309-B159-405B-9A1A-C21061A77510}.Release|iPhoneSimulator.ActiveCfg = Release|Any CPU
		{337A8309-B159-405B-9A1A-C21061A77510}.Release|iPhoneSimulator.Build.0 = Release|Any CPU
		{337A8309-B159-405B-9A1A-C21061A77510}.Release|iPhoneSimulator.Deploy.0 = Release|Any CPU
		{337A8309-B159-405B-9A1A-C21061A77510}.Release|x86.ActiveCfg = Release|Any CPU
		{337A8309-B159-405B-9A1A-C21061A77510}.Release|x86.Build.0 = Release|Any CPU
		{337A8309-B159-405B-9A1A-C21061A77510}.Release|x86.Deploy.0 = Release|Any CPU
		{A0FBB8C6-7086-459E-AF31-461992C2A5B8}.AppStore|Any CPU.ActiveCfg = Release|Any CPU
		{A0FBB8C6-7086-459E-AF31-461992C2A5B8}.AppStore|Any CPU.Build.0 = Release|Any CPU
		{A0FBB8C6-7086-459E-AF31-461992C2A5B8}.AppStore|ARM.ActiveCfg = Release|Any CPU
		{A0FBB8C6-7086-459E-AF31-461992C2A5B8}.AppStore|ARM.Build.0 = Release|Any CPU
		{A0FBB8C6-7086-459E-AF31-461992C2A5B8}.AppStore|iPhone.ActiveCfg = Release|Any CPU
		{A0FBB8C6-7086-459E-AF31-461992C2A5B8}.AppStore|iPhone.Build.0 = Release|Any CPU
		{A0FBB8C6-7086-459E-AF31-461992C2A5B8}.AppStore|iPhoneSimulator.ActiveCfg = Release|Any CPU
		{A0FBB8C6-7086-459E-AF31-461992C2A5B8}.AppStore|iPhoneSimulator.Build.0 = Release|Any CPU
		{A0FBB8C6-7086-459E-AF31-461992C2A5B8}.AppStore|x86.ActiveCfg = Release|Any CPU
		{A0FBB8C6-7086-459E-AF31-461992C2A5B8}.AppStore|x86.Build.0 = Release|Any CPU
		{A0FBB8C6-7086-459E-AF31-461992C2A5B8}.Debug|Any CPU.ActiveCfg = Debug|Any CPU
		{A0FBB8C6-7086-459E-AF31-461992C2A5B8}.Debug|Any CPU.Build.0 = Debug|Any CPU
		{A0FBB8C6-7086-459E-AF31-461992C2A5B8}.Debug|ARM.ActiveCfg = Debug|Any CPU
		{A0FBB8C6-7086-459E-AF31-461992C2A5B8}.Debug|ARM.Build.0 = Debug|Any CPU
		{A0FBB8C6-7086-459E-AF31-461992C2A5B8}.Debug|iPhone.ActiveCfg = Debug|Any CPU
		{A0FBB8C6-7086-459E-AF31-461992C2A5B8}.Debug|iPhone.Build.0 = Debug|Any CPU
		{A0FBB8C6-7086-459E-AF31-461992C2A5B8}.Debug|iPhoneSimulator.ActiveCfg = Debug|Any CPU
		{A0FBB8C6-7086-459E-AF31-461992C2A5B8}.Debug|iPhoneSimulator.Build.0 = Debug|Any CPU
		{A0FBB8C6-7086-459E-AF31-461992C2A5B8}.Debug|x86.ActiveCfg = Debug|Any CPU
		{A0FBB8C6-7086-459E-AF31-461992C2A5B8}.Debug|x86.Build.0 = Debug|Any CPU
		{A0FBB8C6-7086-459E-AF31-461992C2A5B8}.Release|Any CPU.ActiveCfg = Release|Any CPU
		{A0FBB8C6-7086-459E-AF31-461992C2A5B8}.Release|Any CPU.Build.0 = Release|Any CPU
		{A0FBB8C6-7086-459E-AF31-461992C2A5B8}.Release|ARM.ActiveCfg = Release|Any CPU
		{A0FBB8C6-7086-459E-AF31-461992C2A5B8}.Release|ARM.Build.0 = Release|Any CPU
		{A0FBB8C6-7086-459E-AF31-461992C2A5B8}.Release|iPhone.ActiveCfg = Release|Any CPU
		{A0FBB8C6-7086-459E-AF31-461992C2A5B8}.Release|iPhone.Build.0 = Release|Any CPU
		{A0FBB8C6-7086-459E-AF31-461992C2A5B8}.Release|iPhoneSimulator.ActiveCfg = Release|Any CPU
		{A0FBB8C6-7086-459E-AF31-461992C2A5B8}.Release|iPhoneSimulator.Build.0 = Release|Any CPU
		{A0FBB8C6-7086-459E-AF31-461992C2A5B8}.Release|x86.ActiveCfg = Release|Any CPU
		{A0FBB8C6-7086-459E-AF31-461992C2A5B8}.Release|x86.Build.0 = Release|Any CPU
	EndGlobalSection
	GlobalSection(SolutionProperties) = preSolution
		HideSolutionNode = FALSE
	EndGlobalSection
EndGlobal
